
Microsoft Visual Studio Solution File, Format Version 12.00
# Visual Studio Version 17
VisualStudioVersion = 17.0.31903.59
MinimumVisualStudioVersion = 10.0.40219.1
Project("{FAE04EC0-301F-11D3-BF4B-00C04F79EFBC}") = "afpcesp.backoffice.webapi", "afpcesp.backoffice.webapi\afpcesp.backoffice.webapi.csproj", "{B64F182D-E221-48CA-85FE-CAA709484D41}"
EndProject
Project("{FAE04EC0-301F-11D3-BF4B-00C04F79EFBC}") = "afpcesp.dataaccess", "afpcesp.dataaccess\afpcesp.dataaccess.csproj", "{F8E9805D-3E05-4B45-B648-EDF6F7F9D23E}"
EndProject
Project("{FAE04EC0-301F-11D3-BF4B-00C04F79EFBC}") = "afpcesp.application", "afpcesp.application\afpcesp.application.csproj", "{BEE61C33-E799-43A5-86AF-A9AF96A81317}"
EndProject
Project("{2150E333-8FDC-42A3-9474-1A3956D46DE8}") = "tests", "tests", "{E0200A7D-567C-4C5E-9B0D-BC9E96D81474}"
EndProject
Project("{FAE04EC0-301F-11D3-BF4B-00C04F79EFBC}") = "afpcesp.webapi.tests", "tests\afpcesp.webapi.tests\afpcesp.webapi.tests.csproj", "{7124A87C-D44F-45C4-90F0-CF381795F389}"
EndProject
Project("{FAE04EC0-301F-11D3-BF4B-00C04F79EFBC}") = "afpcesp.application.tests", "tests\afpcesp.application.tests\afpcesp.application.tests.csproj", "{6F1DC351-6D8F-46F4-AC2A-2E66F18C4571}"
EndProject
Project("{FAE04EC0-301F-11D3-BF4B-00C04F79EFBC}") = "afpcesp.dataaccess.tests", "tests\afpcesp.dataaccess.tests\afpcesp.dataaccess.tests.csproj", "{6D630EF5-8427-4626-92CE-F23CFA89CD8B}"
EndProject
Global
	GlobalSection(SolutionConfigurationPlatforms) = preSolution
		Debug|Any CPU = Debug|Any CPU
		Release|Any CPU = Release|Any CPU
	EndGlobalSection
	GlobalSection(SolutionProperties) = preSolution
		HideSolutionNode = FALSE
	EndGlobalSection
	GlobalSection(ProjectConfigurationPlatforms) = postSolution
		{B64F182D-E221-48CA-85FE-CAA709484D41}.Debug|Any CPU.ActiveCfg = Debug|Any CPU
		{B64F182D-E221-48CA-85FE-CAA709484D41}.Debug|Any CPU.Build.0 = Debug|Any CPU
		{B64F182D-E221-48CA-85FE-CAA709484D41}.Release|Any CPU.ActiveCfg = Release|Any CPU
		{B64F182D-E221-48CA-85FE-CAA709484D41}.Release|Any CPU.Build.0 = Release|Any CPU
		{F8E9805D-3E05-4B45-B648-EDF6F7F9D23E}.Debug|Any CPU.ActiveCfg = Debug|Any CPU
		{F8E9805D-3E05-4B45-B648-EDF6F7F9D23E}.Debug|Any CPU.Build.0 = Debug|Any CPU
		{F8E9805D-3E05-4B45-B648-EDF6F7F9D23E}.Release|Any CPU.ActiveCfg = Release|Any CPU
		{F8E9805D-3E05-4B45-B648-EDF6F7F9D23E}.Release|Any CPU.Build.0 = Release|Any CPU
		{BEE61C33-E799-43A5-86AF-A9AF96A81317}.Debug|Any CPU.ActiveCfg = Debug|Any CPU
		{BEE61C33-E799-43A5-86AF-A9AF96A81317}.Debug|Any CPU.Build.0 = Debug|Any CPU
		{BEE61C33-E799-43A5-86AF-A9AF96A81317}.Release|Any CPU.ActiveCfg = Release|Any CPU
		{BEE61C33-E799-43A5-86AF-A9AF96A81317}.Release|Any CPU.Build.0 = Release|Any CPU
		{7124A87C-D44F-45C4-90F0-CF381795F389}.Debug|Any CPU.ActiveCfg = Debug|Any CPU
		{7124A87C-D44F-45C4-90F0-CF381795F389}.Debug|Any CPU.Build.0 = Debug|Any CPU
		{7124A87C-D44F-45C4-90F0-CF381795F389}.Release|Any CPU.ActiveCfg = Release|Any CPU
		{7124A87C-D44F-45C4-90F0-CF381795F389}.Release|Any CPU.Build.0 = Release|Any CPU
		{6F1DC351-6D8F-46F4-AC2A-2E66F18C4571}.Debug|Any CPU.ActiveCfg = Debug|Any CPU
		{6F1DC351-6D8F-46F4-AC2A-2E66F18C4571}.Debug|Any CPU.Build.0 = Debug|Any CPU
		{6F1DC351-6D8F-46F4-AC2A-2E66F18C4571}.Release|Any CPU.ActiveCfg = Release|Any CPU
		{6F1DC351-6D8F-46F4-AC2A-2E66F18C4571}.Release|Any CPU.Build.0 = Release|Any CPU
		{6D630EF5-8427-4626-92CE-F23CFA89CD8B}.Debug|Any CPU.ActiveCfg = Debug|Any CPU
		{6D630EF5-8427-4626-92CE-F23CFA89CD8B}.Debug|Any CPU.Build.0 = Debug|Any CPU
		{6D630EF5-8427-4626-92CE-F23CFA89CD8B}.Release|Any CPU.ActiveCfg = Release|Any CPU
		{6D630EF5-8427-4626-92CE-F23CFA89CD8B}.Release|Any CPU.Build.0 = Release|Any CPU
	EndGlobalSection
	GlobalSection(NestedProjects) = preSolution
		{7124A87C-D44F-45C4-90F0-CF381795F389} = {E0200A7D-567C-4C5E-9B0D-BC9E96D81474}
		{6F1DC351-6D8F-46F4-AC2A-2E66F18C4571} = {E0200A7D-567C-4C5E-9B0D-BC9E96D81474}
		{6D630EF5-8427-4626-92CE-F23CFA89CD8B} = {E0200A7D-567C-4C5E-9B0D-BC9E96D81474}
	EndGlobalSection
EndGlobal
